
Microsoft Visual Studio Solution File, Format Version 12.00
# Visual Studio 15
VisualStudioVersion = 15.0.28010.2026
MinimumVisualStudioVersion = 10.0.40219.1
Project("{FAE04EC0-301F-11D3-BF4B-00C04F79EFBC}") = "MetrikaTestSelfHosting", "MetrikaTestSelfHosting\MetrikaTestSelfHosting.csproj", "{622EB1CE-6BB5-4C98-B09F-7F0818F20122}"
EndProject
Global
	GlobalSection(SolutionConfigurationPlatforms) = preSolution
		Debug|Any CPU = Debug|Any CPU
		Release|Any CPU = Release|Any CPU
	EndGlobalSection
	GlobalSection(ProjectConfigurationPlatforms) = postSolution
		{622EB1CE-6BB5-4C98-B09F-7F0818F20122}.Debug|Any CPU.ActiveCfg = Debug|Any CPU
		{622EB1CE-6BB5-4C98-B09F-7F0818F20122}.Debug|Any CPU.Build.0 = Debug|Any CPU
		{622EB1CE-6BB5-4C98-B09F-7F0818F20122}.Release|Any CPU.ActiveCfg = Release|Any CPU
		{622EB1CE-6BB5-4C98-B09F-7F0818F20122}.Release|Any CPU.Build.0 = Release|Any CPU
	EndGlobalSection
	GlobalSection(SolutionProperties) = preSolution
		HideSolutionNode = FALSE
	EndGlobalSection
	GlobalSection(ExtensibilityGlobals) = postSolution
		SolutionGuid = {ADCCB3C1-E51A-4D7B-B556-6E5AF89C4F26}
	EndGlobalSection
EndGlobal
